
Microsoft Visual Studio Solution File, Format Version 12.00
# Visual Studio 15
VisualStudioVersion = 15.0.28307.645
MinimumVisualStudioVersion = 10.0.40219.1
Project("{FAE04EC0-301F-11D3-BF4B-00C04F79EFBC}") = "ManageINI", "ManageINI\ManageINI.csproj", "{384E558C-1542-4789-BEC6-9DBC411B3700}"
EndProject
Global
	GlobalSection(SolutionConfigurationPlatforms) = preSolution
		Debug|Any CPU = Debug|Any CPU
		Release|Any CPU = Release|Any CPU
	EndGlobalSection
	GlobalSection(ProjectConfigurationPlatforms) = postSolution
		{384E558C-1542-4789-BEC6-9DBC411B3700}.Debug|Any CPU.ActiveCfg = Debug|Any CPU
		{384E558C-1542-4789-BEC6-9DBC411B3700}.Debug|Any CPU.Build.0 = Debug|Any CPU
		{384E558C-1542-4789-BEC6-9DBC411B3700}.Release|Any CPU.ActiveCfg = Release|Any CPU
		{384E558C-1542-4789-BEC6-9DBC411B3700}.Release|Any CPU.Build.0 = Release|Any CPU
	EndGlobalSection
	GlobalSection(SolutionProperties) = preSolution
		HideSolutionNode = FALSE
	EndGlobalSection
	GlobalSection(ExtensibilityGlobals) = postSolution
		SolutionGuid = {C51A494E-C785-432B-82B2-2E278882C4AE}
	EndGlobalSection
EndGlobal
